
Microsoft Visual Studio Solution File, Format Version 12.00
# Visual Studio 15
VisualStudioVersion = 15.0.26730.16
MinimumVisualStudioVersion = 10.0.40219.1
Project("{FAE04EC0-301F-11D3-BF4B-00C04F79EFBC}") = "ITI.BBTB", "Game1\ITI.BBTB.csproj", "{4690F29B-F49C-4268-A848-148BBC19EDFB}"
EndProject
Global
	GlobalSection(SolutionConfigurationPlatforms) = preSolution
		Debug|x86 = Debug|x86
		Release|x86 = Release|x86
	EndGlobalSection
	GlobalSection(ProjectConfigurationPlatforms) = postSolution
		{4690F29B-F49C-4268-A848-148BBC19EDFB}.Debug|x86.ActiveCfg = Debug|x86
		{4690F29B-F49C-4268-A848-148BBC19EDFB}.Debug|x86.Build.0 = Debug|x86
		{4690F29B-F49C-4268-A848-148BBC19EDFB}.Release|x86.ActiveCfg = Release|x86
		{4690F29B-F49C-4268-A848-148BBC19EDFB}.Release|x86.Build.0 = Release|x86
	EndGlobalSection
	GlobalSection(SolutionProperties) = preSolution
		HideSolutionNode = FALSE
	EndGlobalSection
	GlobalSection(ExtensibilityGlobals) = postSolution
		SolutionGuid = {E1F72D2A-7831-464F-97E3-230D7C469641}
	EndGlobalSection
EndGlobal
